<?xml version="1.0" encoding="UTF-8" standalone="yes" ?>
<CodeBlocks_project_file>
	<FileVersion major="1" minor="6" />
	<Project>
		<Option title="gather" />
		<Option pch_mode="2" />
		<Option compiler="gcc" />
		<Build>
			<Target title="Debug">
				<Option output="bin/Debug/gather" prefix_auto="1" extension_auto="1" />
				<Option object_output="obj/Debug/" />
				<Option type="1" />
				<Option compiler="gcc" />
				<Compiler>
					<Add option="-g" />
				</Compiler>
			</Target>
			<Target title="Release">
				<Option output="bin/Release/gather" prefix_auto="1" extension_auto="1" />
				<Option object_output="obj/Release/" />
				<Option type="1" />
				<Option compiler="gcc" />
				<Compiler>
					<Add option="-O2" />
				</Compiler>
				<Linker>
					<Add option="-s" />
				</Linker>
			</Target>
		</Build>
		<Compiler>
			<Add option="-Wall" />
		</Compiler>
		<Unit filename="include/bsp.h" />
		<Unit filename="include/commap.h" />
		<Unit filename="include/db.h" />
		<Unit filename="include/globaldefine.h" />
		<Unit filename="include/gprs.h" />
		<Unit filename="include/includes.h" />
		<Unit filename="include/libxml2/libxml/DOCBparser.h" />
		<Unit filename="include/libxml2/libxml/HTMLparser.h" />
		<Unit filename="include/libxml2/libxml/HTMLtree.h" />
		<Unit filename="include/libxml2/libxml/SAX.h" />
		<Unit filename="include/libxml2/libxml/SAX2.h" />
		<Unit filename="include/libxml2/libxml/c14n.h" />
		<Unit filename="include/libxml2/libxml/catalog.h" />
		<Unit filename="include/libxml2/libxml/chvalid.h" />
		<Unit filename="include/libxml2/libxml/debugXML.h" />
		<Unit filename="include/libxml2/libxml/dict.h" />
		<Unit filename="include/libxml2/libxml/encoding.h" />
		<Unit filename="include/libxml2/libxml/entities.h" />
		<Unit filename="include/libxml2/libxml/globals.h" />
		<Unit filename="include/libxml2/libxml/hash.h" />
		<Unit filename="include/libxml2/libxml/list.h" />
		<Unit filename="include/libxml2/libxml/nanoftp.h" />
		<Unit filename="include/libxml2/libxml/nanohttp.h" />
		<Unit filename="include/libxml2/libxml/parser.h" />
		<Unit filename="include/libxml2/libxml/parserInternals.h" />
		<Unit filename="include/libxml2/libxml/pattern.h" />
		<Unit filename="include/libxml2/libxml/relaxng.h" />
		<Unit filename="include/libxml2/libxml/schemasInternals.h" />
		<Unit filename="include/libxml2/libxml/schematron.h" />
		<Unit filename="include/libxml2/libxml/threads.h" />
		<Unit filename="include/libxml2/libxml/tree.h" />
		<Unit filename="include/libxml2/libxml/uri.h" />
		<Unit filename="include/libxml2/libxml/valid.h" />
		<Unit filename="include/libxml2/libxml/xinclude.h" />
		<Unit filename="include/libxml2/libxml/xlink.h" />
		<Unit filename="include/libxml2/libxml/xmlIO.h" />
		<Unit filename="include/libxml2/libxml/xmlautomata.h" />
		<Unit filename="include/libxml2/libxml/xmlerror.h" />
		<Unit filename="include/libxml2/libxml/xmlexports.h" />
		<Unit filename="include/libxml2/libxml/xmlmemory.h" />
		<Unit filename="include/libxml2/libxml/xmlmodule.h" />
		<Unit filename="include/libxml2/libxml/xmlreader.h" />
		<Unit filename="include/libxml2/libxml/xmlregexp.h" />
		<Unit filename="include/libxml2/libxml/xmlsave.h" />
		<Unit filename="include/libxml2/libxml/xmlschemas.h" />
		<Unit filename="include/libxml2/libxml/xmlschemastypes.h" />
		<Unit filename="include/libxml2/libxml/xmlstring.h" />
		<Unit filename="include/libxml2/libxml/xmlunicode.h" />
		<Unit filename="include/libxml2/libxml/xmlversion.h" />
		<Unit filename="include/libxml2/libxml/xmlwriter.h" />
		<Unit filename="include/libxml2/libxml/xpath.h" />
		<Unit filename="include/libxml2/libxml/xpathInternals.h" />
		<Unit filename="include/libxml2/libxml/xpointer.h" />
		<Unit filename="include/meter_table.h" />
		<Unit filename="include/openssl/aes.h" />
		<Unit filename="include/openssl/asn1.h" />
		<Unit filename="include/openssl/asn1_mac.h" />
		<Unit filename="include/openssl/asn1t.h" />
		<Unit filename="include/openssl/bio.h" />
		<Unit filename="include/openssl/blowfish.h" />
		<Unit filename="include/openssl/bn.h" />
		<Unit filename="include/openssl/buffer.h" />
		<Unit filename="include/openssl/camellia.h" />
		<Unit filename="include/openssl/cast.h" />
		<Unit filename="include/openssl/cmac.h" />
		<Unit filename="include/openssl/cms.h" />
		<Unit filename="include/openssl/comp.h" />
		<Unit filename="include/openssl/conf.h" />
		<Unit filename="include/openssl/conf_api.h" />
		<Unit filename="include/openssl/crypto.h" />
		<Unit filename="include/openssl/des.h" />
		<Unit filename="include/openssl/des_old.h" />
		<Unit filename="include/openssl/dh.h" />
		<Unit filename="include/openssl/dsa.h" />
		<Unit filename="include/openssl/dso.h" />
		<Unit filename="include/openssl/dtls1.h" />
		<Unit filename="include/openssl/e_os2.h" />
		<Unit filename="include/openssl/ebcdic.h" />
		<Unit filename="include/openssl/ec.h" />
		<Unit filename="include/openssl/ecdh.h" />
		<Unit filename="include/openssl/ecdsa.h" />
		<Unit filename="include/openssl/engine.h" />
		<Unit filename="include/openssl/err.h" />
		<Unit filename="include/openssl/evp.h" />
		<Unit filename="include/openssl/hmac.h" />
		<Unit filename="include/openssl/idea.h" />
		<Unit filename="include/openssl/krb5_asn.h" />
		<Unit filename="include/openssl/kssl.h" />
		<Unit filename="include/openssl/lhash.h" />
		<Unit filename="include/openssl/md4.h" />
		<Unit filename="include/openssl/md5.h" />
		<Unit filename="include/openssl/mdc2.h" />
		<Unit filename="include/openssl/modes.h" />
		<Unit filename="include/openssl/obj_mac.h" />
		<Unit filename="include/openssl/objects.h" />
		<Unit filename="include/openssl/ocsp.h" />
		<Unit filename="include/openssl/opensslconf.h" />
		<Unit filename="include/openssl/opensslv.h" />
		<Unit filename="include/openssl/ossl_typ.h" />
		<Unit filename="include/openssl/pem.h" />
		<Unit filename="include/openssl/pem2.h" />
		<Unit filename="include/openssl/pkcs12.h" />
		<Unit filename="include/openssl/pkcs7.h" />
		<Unit filename="include/openssl/pqueue.h" />
		<Unit filename="include/openssl/rand.h" />
		<Unit filename="include/openssl/rc2.h" />
		<Unit filename="include/openssl/rc4.h" />
		<Unit filename="include/openssl/ripemd.h" />
		<Unit filename="include/openssl/rsa.h" />
		<Unit filename="include/openssl/safestack.h" />
		<Unit filename="include/openssl/seed.h" />
		<Unit filename="include/openssl/sha.h" />
		<Unit filename="include/openssl/srp.h" />
		<Unit filename="include/openssl/srtp.h" />
		<Unit filename="include/openssl/ssl.h" />
		<Unit filename="include/openssl/ssl2.h" />
		<Unit filename="include/openssl/ssl23.h" />
		<Unit filename="include/openssl/ssl3.h" />
		<Unit filename="include/openssl/stack.h" />
		<Unit filename="include/openssl/symhacks.h" />
		<Unit filename="include/openssl/tls1.h" />
		<Unit filename="include/openssl/ts.h" />
		<Unit filename="include/openssl/txt_db.h" />
		<Unit filename="include/openssl/ui.h" />
		<Unit filename="include/openssl/ui_compat.h" />
		<Unit filename="include/openssl/whrlpool.h" />
		<Unit filename="include/openssl/x509.h" />
		<Unit filename="include/openssl/x509_vfy.h" />
		<Unit filename="include/openssl/x509v3.h" />
		<Unit filename="include/queue.h" />
		<Unit filename="include/read_heatmeter.h" />
		<Unit filename="include/readallmeters.h" />
		<Unit filename="include/rs485up.h" />
		<Unit filename="include/sqlite3/sqlite3.h" />
		<Unit filename="include/sqlite3/sqlite3ext.h" />
		<Unit filename="include/sysconfig.h" />
		<Unit filename="include/sysfuctions.h" />
		<Unit filename="include/sysinit.h" />
		<Unit filename="include/uart_gprs.h" />
		<Unit filename="include/uart_mbus_down485.h" />
		<Unit filename="include/uart_set.h" />
		<Unit filename="include/xml.h" />
		<Unit filename="src/bsp.c">
			<Option compilerVar="CC" />
		</Unit>
		<Unit filename="src/commap.c">
			<Option compilerVar="CC" />
		</Unit>
		<Unit filename="src/db.c">
			<Option compilerVar="CC" />
		</Unit>
		<Unit filename="src/dbtest.c">
			<Option compilerVar="CC" />
		</Unit>
		<Unit filename="src/gprs.c">
			<Option compilerVar="CC" />
		</Unit>
		<Unit filename="src/main.c">
			<Option compilerVar="CC" />
		</Unit>
		<Unit filename="src/meter_table.c">
			<Option compilerVar="CC" />
		</Unit>
		<Unit filename="src/queue.c">
			<Option compilerVar="CC" />
		</Unit>
		<Unit filename="src/read_heatmeter.c">
			<Option compilerVar="CC" />
		</Unit>
		<Unit filename="src/readallmeters.c">
			<Option compilerVar="CC" />
		</Unit>
		<Unit filename="src/rs485up.c">
			<Option compilerVar="CC" />
		</Unit>
		<Unit filename="src/sysfuctions.c">
			<Option compilerVar="CC" />
		</Unit>
		<Unit filename="src/sysinit.c">
			<Option compilerVar="CC" />
		</Unit>
		<Unit filename="src/uart_gprs.c">
			<Option compilerVar="CC" />
		</Unit>
		<Unit filename="src/uart_mbus_down485.c">
			<Option compilerVar="CC" />
		</Unit>
		<Unit filename="src/uart_set.c">
			<Option compilerVar="CC" />
		</Unit>
		<Unit filename="src/xml.c">
			<Option compilerVar="CC" />
		</Unit>
		<Extensions>
			<code_completion />
			<debugger />
		</Extensions>
	</Project>
</CodeBlocks_project_file>
